// !$*UTF8*$!
{
	archiveVersion = 1;
	classes = {
	};
	objectVersion = 48;
	objects = {

/* Begin PBXBuildFile section */
		644434E91FF6A243002CB572 /* AppDelegate.swift in Sources */ = {isa = PBXBuildFile; fileRef = 644434E81FF6A243002CB572 /* AppDelegate.swift */; };
		644434EB1FF6A243002CB572 /* ViewController.swift in Sources */ = {isa = PBXBuildFile; fileRef = 644434EA1FF6A243002CB572 /* ViewController.swift */; };
		644434EE1FF6A243002CB572 /* Main.storyboard in Resources */ = {isa = PBXBuildFile; fileRef = 644434EC1FF6A243002CB572 /* Main.storyboard */; };
		644434F01FF6A243002CB572 /* Assets.xcassets in Resources */ = {isa = PBXBuildFile; fileRef = 644434EF1FF6A243002CB572 /* Assets.xcassets */; };
		644434F31FF6A243002CB572 /* LaunchScreen.storyboard in Resources */ = {isa = PBXBuildFile; fileRef = 644434F11FF6A243002CB572 /* LaunchScreen.storyboard */; };
		644434FB1FF6AC55002CB572 /* StoreSpeech.swift in Sources */ = {isa = PBXBuildFile; fileRef = 644434FA1FF6AC55002CB572 /* StoreSpeech.swift */; };
		644435021FF6ECF4002CB572 /* LICENSE in Resources */ = {isa = PBXBuildFile; fileRef = 644435001FF6ECF4002CB572 /* LICENSE */; };
		644435031FF6ECF4002CB572 /* README.md in Resources */ = {isa = PBXBuildFile; fileRef = 644435011FF6ECF4002CB572 /* README.md */; };
/* End PBXBuildFile section */

/* Begin PBXFileReference section */
		644434E51FF6A243002CB572 /* SpeechExample.app */ = {isa = PBXFileReference; explicitFileType = wrapper.application; includeInIndex = 0; path = SpeechExample.app; sourceTree = BUILT_PRODUCTS_DIR; };
		644434E81FF6A243002CB572 /* AppDelegate.swift */ = {isa = PBXFileReference; lastKnownFileType = sourcecode.swift; path = AppDelegate.swift; sourceTree = "<group>"; };
		644434EA1FF6A243002CB572 /* ViewController.swift */ = {isa = PBXFileReference; lastKnownFileType = sourcecode.swift; path = ViewController.swift; sourceTree = "<group>"; };
		644434ED1FF6A243002CB572 /* Base */ = {isa = PBXFileReference; lastKnownFileType = file.storyboard; name = Base; path = Base.lproj/Main.storyboard; sourceTree = "<group>"; };
		644434EF1FF6A243002CB572 /* Assets.xcassets */ = {isa = PBXFileReference; lastKnownFileType = folder.assetcatalog; path = Assets.xcassets; sourceTree = "<group>"; };
		644434F21FF6A243002CB572 /* Base */ = {isa = PBXFileReference; lastKnownFileType = file.storyboard; name = Base; path = Base.lproj/LaunchScreen.storyboard; sourceTree = "<group>"; };
		644434F41FF6A243002CB572 /* Info.plist */ = {isa = PBXFileReference; lastKnownFileType = text.plist.xml; path = Info.plist; sourceTree = "<group>"; };
		644434FA1FF6AC55002CB572 /* StoreSpeech.swift */ = {isa = PBXFileReference; lastKnownFileType = sourcecode.swift; path = StoreSpeech.swift; sourceTree = "<group>"; };
		644435001FF6ECF4002CB572 /* LICENSE */ = {isa = PBXFileReference; fileEncoding = 4; lastKnownFileType = text; path = LICENSE; sourceTree = SOURCE_ROOT; };
		644435011FF6ECF4002CB572 /* README.md */ = {isa = PBXFileReference; fileEncoding = 4; lastKnownFileType = net.daringfireball.markdown; path = README.md; sourceTree = SOURCE_ROOT; };
/* End PBXFileReference section */

/* Begin PBXFrameworksBuildPhase section */
		644434E21FF6A243002CB572 /* Frameworks */ = {
			isa = PBXFrameworksBuildPhase;
			buildActionMask = 2147483647;
			files = (
			);
			runOnlyForDeploymentPostprocessing = 0;
		};
/* End PBXFrameworksBuildPhase section */

/* Begin PBXGroup section */
		644434DC1FF6A243002CB572 = {
			isa = PBXGroup;
			children = (
				644434E71FF6A243002CB572 /* SpeechExample */,
				644434E61FF6A243002CB572 /* Products */,
			);
			sourceTree = "<group>";
		};
		644434E61FF6A243002CB572 /* Products */ = {
			isa = PBXGroup;
			children = (
				644434E51FF6A243002CB572 /* SpeechExample.app */,
			);
			name = Products;
			sourceTree = "<group>";
		};
		644434E71FF6A243002CB572 /* SpeechExample */ = {
			isa = PBXGroup;
			children = (
				644434FE1FF6E8A5002CB572 /* view */,
				644434FD1FF6E89F002CB572 /* model */,
				644434FC1FF6E88C002CB572 /* controller */,
				644434FF1FF6E8B7002CB572 /* support files */,
				644434E81FF6A243002CB572 /* AppDelegate.swift */,
			);
			path = SpeechExample;
			sourceTree = "<group>";
		};
		644434FC1FF6E88C002CB572 /* controller */ = {
			isa = PBXGroup;
			children = (
				644434EA1FF6A243002CB572 /* ViewController.swift */,
			);
			path = controller;
			sourceTree = "<group>";
		};
		644434FD1FF6E89F002CB572 /* model */ = {
			isa = PBXGroup;
			children = (
				644434FA1FF6AC55002CB572 /* StoreSpeech.swift */,
			);
			path = model;
			sourceTree = "<group>";
		};
		644434FE1FF6E8A5002CB572 /* view */ = {
			isa = PBXGroup;
			children = (
				644434EC1FF6A243002CB572 /* Main.storyboard */,
				644434F11FF6A243002CB572 /* LaunchScreen.storyboard */,
			);
			path = view;
			sourceTree = "<group>";
		};
		644434FF1FF6E8B7002CB572 /* support files */ = {
			isa = PBXGroup;
			children = (
				644435001FF6ECF4002CB572 /* LICENSE */,
				644435011FF6ECF4002CB572 /* README.md */,
				644434F41FF6A243002CB572 /* Info.plist */,
				644434EF1FF6A243002CB572 /* Assets.xcassets */,
			);
			path = "support files";
			sourceTree = "<group>";
		};
/* End PBXGroup section */

/* Begin PBXNativeTarget section */
		644434E41FF6A243002CB572 /* SpeechExample */ = {
			isa = PBXNativeTarget;
			buildConfigurationList = 644434F71FF6A243002CB572 /* Build configuration list for PBXNativeTarget "SpeechExample" */;
			buildPhases = (
				644434E11FF6A243002CB572 /* Sources */,
				644434E21FF6A243002CB572 /* Frameworks */,
				644434E31FF6A243002CB572 /* Resources */,
			);
			buildRules = (
			);
			dependencies = (
			);
			name = SpeechExample;
			productName = SpeechExample;
			productReference = 644434E51FF6A243002CB572 /* SpeechExample.app */;
			productType = "com.apple.product-type.application";
		};
/* End PBXNativeTarget section */

/* Begin PBXProject section */
		644434DD1FF6A243002CB572 /* Project object */ = {
			isa = PBXProject;
			attributes = {
				LastSwiftUpdateCheck = 0910;
				LastUpgradeCheck = 0910;
				ORGANIZATIONNAME = "Thiago Vinhote";
				TargetAttributes = {
					644434E41FF6A243002CB572 = {
						CreatedOnToolsVersion = 9.1;
						ProvisioningStyle = Automatic;
					};
				};
			};
			buildConfigurationList = 644434E01FF6A243002CB572 /* Build configuration list for PBXProject "SpeechExample" */;
			compatibilityVersion = "Xcode 8.0";
			developmentRegion = en;
			hasScannedForEncodings = 0;
			knownRegions = (
				en,
				Base,
			);
			mainGroup = 644434DC1FF6A243002CB572;
			productRefGroup = 644434E61FF6A243002CB572 /* Products */;
			projectDirPath = "";
			projectRoot = "";
			targets = (
				644434E41FF6A243002CB572 /* SpeechExample */,
			);
		};
/* End PBXProject section */

/* Begin PBXResourcesBuildPhase section */
		644434E31FF6A243002CB572 /* Resources */ = {
			isa = PBXResourcesBuildPhase;
			buildActionMask = 2147483647;
			files = (
				644434F31FF6A243002CB572 /* LaunchScreen.storyboard in Resources */,
				644434F01FF6A243002CB572 /* Assets.xcassets in Resources */,
				644435031FF6ECF4002CB572 /* README.md in Resources */,
				644435021FF6ECF4002CB572 /* LICENSE in Resources */,
				644434EE1FF6A243002CB572 /* Main.storyboard in Resources */,
			);
			runOnlyForDeploymentPostprocessing = 0;
		};
/* End PBXResourcesBuildPhase section */

/* Begin PBXSourcesBuildPhase section */
		644434E11FF6A243002CB572 /* Sources */ = {
			isa = PBXSourcesBuildPhase;
			buildActionMask = 2147483647;
			files = (
				644434EB1FF6A243002CB572 /* ViewController.swift in Sources */,
				644434FB1FF6AC55002CB572 /* StoreSpeech.swift in Sources */,
				644434E91FF6A243002CB572 /* AppDelegate.swift in Sources */,
			);
			runOnlyForDeploymentPostprocessing = 0;
		};
/* End PBXSourcesBuildPhase section */

/* Begin PBXVariantGroup section */
		644434EC1FF6A243002CB572 /* Main.storyboard */ = {
			isa = PBXVariantGroup;
			children = (
				644434ED1FF6A243002CB572 /* Base */,
			);
			name = Main.storyboard;
			sourceTree = "<group>";
		};
		644434F11FF6A243002CB572 /* LaunchScreen.storyboard */ = {
			isa = PBXVariantGroup;
			children = (
				644434F21FF6A243002CB572 /* Base */,
			);
			name = LaunchScreen.storyboard;
			sourceTree = "<group>";
		};
/* End PBXVariantGroup section */

/* Begin XCBuildConfiguration section */
		644434F51FF6A243002CB572 /* Debug */ = {
			isa = XCBuildConfiguration;
			buildSettings = {
				ALWAYS_SEARCH_USER_PATHS = NO;
				CLANG_ANALYZER_NONNULL = YES;
				CLANG_ANALYZER_NUMBER_OBJECT_CONVERSION = YES_AGGRESSIVE;
				CLANG_CXX_LANGUAGE_STANDARD = "gnu++14";
				CLANG_CXX_LIBRARY = "libc++";
				CLANG_ENABLE_MODULES = YES;
				CLANG_ENABLE_OBJC_ARC = YES;
				CLANG_WARN_BLOCK_CAPTURE_AUTORELEASING = YES;
				CLANG_WARN_BOOL_CONVERSION = YES;
				CLANG_WARN_COMMA = YES;
				CLANG_WARN_CONSTANT_CONVERSION = YES;
				CLANG_WARN_DIRECT_OBJC_ISA_USAGE = YES_ERROR;
				CLANG_WARN_DOCUMENTATION_COMMENTS = YES;
				CLANG_WARN_EMPTY_BODY = YES;
				CLANG_WARN_ENUM_CONVERSION = YES;
				CLANG_WARN_INFINITE_RECURSION = YES;
				CLANG_WARN_INT_CONVERSION = YES;
				CLANG_WARN_NON_LITERAL_NULL_CONVERSION = YES;
				CLANG_WARN_OBJC_LITERAL_CONVERSION = YES;
				CLANG_WARN_OBJC_ROOT_CLASS = YES_ERROR;
				CLANG_WARN_RANGE_LOOP_ANALYSIS = YES;
				CLANG_WARN_STRICT_PROTOTYPES = YES;
				CLANG_WARN_SUSPICIOUS_MOVE = YES;
				CLANG_WARN_UNGUARDED_AVAILABILITY = YES_AGGRESSIVE;
				CLANG_WARN_UNREACHABLE_CODE = YES;
				CLANG_WARN__DUPLICATE_METHOD_MATCH = YES;
				CODE_SIGN_IDENTITY = "iPhone Developer";
				COPY_PHASE_STRIP = NO;
				DEBUG_INFORMATION_FORMAT = dwarf;
				ENABLE_STRICT_OBJC_MSGSEND = YES;
				ENABLE_TESTABILITY = YES;
				GCC_C_LANGUAGE_STANDARD = gnu11;
				GCC_DYNAMIC_NO_PIC = NO;
				GCC_NO_COMMON_BLOCKS = YES;
				GCC_OPTIMIZATION_LEVEL = 0;
				GCC_PREPROCESSOR_DEFINITIONS = (
					"DEBUG=1",
					"$(inherited)",
				);
				GCC_WARN_64_TO_32_BIT_CONVERSION = YES;
				GCC_WARN_ABOUT_RETURN_TYPE = YES_ERROR;
				GCC_WARN_UNDECLARED_SELECTOR = YES;
				GCC_WARN_UNINITIALIZED_AUTOS = YES_AGGRESSIVE;
				GCC_WARN_UNUSED_FUNCTION = YES;
				GCC_WARN_UNUSED_VARIABLE = YES;
				IPHONEOS_DEPLOYMENT_TARGET = 11.1;
				MTL_ENABLE_DEBUG_INFO = YES;
				ONLY_ACTIVE_ARCH = YES;
				SDKROOT = iphoneos;
				SWIFT_ACTIVE_COMPILATION_CONDITIONS = DEBUG;
				SWIFT_OPTIMIZATION_LEVEL = "-Onone";
			};
			name = Debug;
		};
		644434F61FF6A243002CB572 /* Release */ = {
			isa = XCBuildConfiguration;
			buildSettings = {
				ALWAYS_SEARCH_USER_PATHS = NO;
				CLANG_ANALYZER_NONNULL = YES;
				CLANG_ANALYZER_NUMBER_OBJECT_CONVERSION = YES_AGGRESSIVE;
				CLANG_CXX_LANGUAGE_STANDARD = "gnu++14";
				CLANG_CXX_LIBRARY = "libc++";
				CLANG_ENABLE_MODULES = YES;
				CLANG_ENABLE_OBJC_ARC = YES;
				CLANG_WARN_BLOCK_CAPTURE_AUTORELEASING = YES;
				CLANG_WARN_BOOL_CONVERSION = YES;
				CLANG_WARN_COMMA = YES;
				CLANG_WARN_CONSTANT_CONVERSION = YES;
				CLANG_WARN_DIRECT_OBJC_ISA_USAGE = YES_ERROR;
				CLANG_WARN_DOCUMENTATION_COMMENTS = YES;
				CLANG_WARN_EMPTY_BODY = YES;
				CLANG_WARN_ENUM_CONVERSION = YES;
				CLANG_WARN_INFINITE_RECURSION = YES;
				CLANG_WARN_INT_CONVERSION = YES;
				CLANG_WARN_NON_LITERAL_NULL_CONVERSION = YES;
				CLANG_WARN_OBJC_LITERAL_CONVERSION = YES;
				CLANG_WARN_OBJC_ROOT_CLASS = YES_ERROR;
				CLANG_WARN_RANGE_LOOP_ANALYSIS = YES;
				CLANG_WARN_STRICT_PROTOTYPES = YES;
				CLANG_WARN_SUSPICIOUS_MOVE = YES;
				CLANG_WARN_UNGUARDED_AVAILABILITY = YES_AGGRESSIVE;
				CLANG_WARN_UNREACHABLE_CODE = YES;
				CLANG_WARN__DUPLICATE_METHOD_MATCH = YES;
				CODE_SIGN_IDENTITY = "iPhone Developer";
				COPY_PHASE_STRIP = NO;
				DEBUG_INFORMATION_FORMAT = "dwarf-with-dsym";
				ENABLE_NS_ASSERTIONS = NO;
				ENABLE_STRICT_OBJC_MSGSEND = YES;
				GCC_C_LANGUAGE_STANDARD = gnu11;
				GCC_NO_COMMON_BLOCKS = YES;
				GCC_WARN_64_TO_32_BIT_CONVERSION = YES;
				GCC_WARN_ABOUT_RETURN_TYPE = YES_ERROR;
				GCC_WARN_UNDECLARED_SELECTOR = YES;
				GCC_WARN_UNINITIALIZED_AUTOS = YES_AGGRESSIVE;
				GCC_WARN_UNUSED_FUNCTION = YES;
				GCC_WARN_UNUSED_VARIABLE = YES;
				IPHONEOS_DEPLOYMENT_TARGET = 11.1;
				MTL_ENABLE_DEBUG_INFO = NO;
				SDKROOT = iphoneos;
				SWIFT_OPTIMIZATION_LEVEL = "-Owholemodule";
				VALIDATE_PRODUCT = YES;
			};
			name = Release;
		};
		644434F81FF6A243002CB572 /* Debug */ = {
			isa = XCBuildConfiguration;
			buildSettings = {
				ASSETCATALOG_COMPILER_APPICON_NAME = AppIcon;
				"CODE_SIGN_IDENTITY[sdk=iphoneos*]" = "iPhone Developer";
				CODE_SIGN_STYLE = Automatic;
				DEVELOPMENT_TEAM = "";
				INFOPLIST_FILE = "$(SRCROOT)/SpeechExample/support files/Info.plist";
				LD_RUNPATH_SEARCH_PATHS = "$(inherited) @executable_path/Frameworks";
				PRODUCT_BUNDLE_IDENTIFIER = example.developer.SpeechExample;
				PRODUCT_NAME = "$(TARGET_NAME)";
				PROVISIONING_PROFILE_SPECIFIER = "";
				SWIFT_VERSION = 4.0;
				TARGETED_DEVICE_FAMILY = "1,2";
			};
			name = Debug;
		};
		644434F91FF6A243002CB572 /* Release */ = {
			isa = XCBuildConfiguration;
			buildSettings = {
				ASSETCATALOG_COMPILER_APPICON_NAME = AppIcon;
				"CODE_SIGN_IDENTITY[sdk=iphoneos*]" = "iPhone Developer";
				CODE_SIGN_STYLE = Automatic;
				DEVELOPMENT_TEAM = "";
				INFOPLIST_FILE = "$(SRCROOT)/SpeechExample/support files/Info.plist";
				LD_RUNPATH_SEARCH_PATHS = "$(inherited) @executable_path/Frameworks";
				PRODUCT_BUNDLE_IDENTIFIER = example.developer.SpeechExample;
				PRODUCT_NAME = "$(TARGET_NAME)";
				PROVISIONING_PROFILE_SPECIFIER = "";
				SWIFT_VERSION = 4.0;
				TARGETED_DEVICE_FAMILY = "1,2";
			};
			name = Release;
		};
/* End XCBuildConfiguration section */

/* Begin XCConfigurationList section */
		644434E01FF6A243002CB572 /* Build configuration list for PBXProject "SpeechExample" */ = {
			isa = XCConfigurationList;
			buildConfigurations = (
				644434F51FF6A243002CB572 /* Debug */,
				644434F61FF6A243002CB572 /* Release */,
			);
			defaultConfigurationIsVisible = 0;
			defaultConfigurationName = Release;
		};
		644434F71FF6A243002CB572 /* Build configuration list for PBXNativeTarget "SpeechExample" */ = {
			isa = XCConfigurationList;
			buildConfigurations = (
				644434F81FF6A243002CB572 /* Debug */,
				644434F91FF6A243002CB572 /* Release */,
			);
			defaultConfigurationIsVisible = 0;
			defaultConfigurationName = Release;
		};
/* End XCConfigurationList section */
	};
	rootObject = 644434DD1FF6A243002CB572 /* Project object */;
}
